// !$*UTF8*$!
{
	archiveVersion = 1;
	classes = {
	};
	objectVersion = 77;
	objects = {

/* Begin PBXContainerItemProxy section */
		4AB404212F6D71EE00ACE75A /* PBXContainerItemProxy */ = {
			isa = PBXContainerItemProxy;
			containerPortal = 4AB404022F6D71EB00ACE75A /* Project object */;
			proxyType = 1;
			remoteGlobalIDString = 4AB404092F6D71EB00ACE75A;
			remoteInfo = "iOS_InfinitySlot-swift";
		};
		4AB4042B2F6D71EE00ACE75A /* PBXContainerItemProxy */ = {
			isa = PBXContainerItemProxy;
			containerPortal = 4AB404022F6D71EB00ACE75A /* Project object */;
			proxyType = 1;
			remoteGlobalIDString = 4AB404092F6D71EB00ACE75A;
			remoteInfo = "iOS_InfinitySlot-swift";
		};
/* End PBXContainerItemProxy section */

/* Begin PBXFileReference section */
		4AB4040A2F6D71EB00ACE75A /* iOS_InfinitySlot-swift.app */ = {isa = PBXFileReference; explicitFileType = wrapper.application; includeInIndex = 0; path = "iOS_InfinitySlot-swift.app"; sourceTree = BUILT_PRODUCTS_DIR; };
		4AB404202F6D71EE00ACE75A /* iOS_InfinitySlot-swiftTests.xctest */ = {isa = PBXFileReference; explicitFileType = wrapper.cfbundle; includeInIndex = 0; path = "iOS_InfinitySlot-swiftTests.xctest"; sourceTree = BUILT_PRODUCTS_DIR; };
		4AB4042A2F6D71EE00ACE75A /* iOS_InfinitySlot-swiftUITests.xctest */ = {isa = PBXFileReference; explicitFileType = wrapper.cfbundle; includeInIndex = 0; path = "iOS_InfinitySlot-swiftUITests.xctest"; sourceTree = BUILT_PRODUCTS_DIR; };
/* End PBXFileReference section */

/* Begin PBXFileSystemSynchronizedBuildFileExceptionSet section */
		4AB404322F6D71EE00ACE75A /* Exceptions for "iOS_InfinitySlot-swift" folder in "iOS_InfinitySlot-swift" target */ = {
			isa = PBXFileSystemSynchronizedBuildFileExceptionSet;
			membershipExceptions = (
				Info.plist,
			);
			target = 4AB404092F6D71EB00ACE75A /* iOS_InfinitySlot-swift */;
		};
/* End PBXFileSystemSynchronizedBuildFileExceptionSet section */

/* Begin PBXFileSystemSynchronizedRootGroup section */
		4AB4040C2F6D71EB00ACE75A /* iOS_InfinitySlot-swift */ = {
			isa = PBXFileSystemSynchronizedRootGroup;
			exceptions = (
				4AB404322F6D71EE00ACE75A /* Exceptions for "iOS_InfinitySlot-swift" folder in "iOS_InfinitySlot-swift" target */,
			);
			path = "iOS_InfinitySlot-swift";
			sourceTree = "<group>";
		};
		4AB404232F6D71EE00ACE75A /* iOS_InfinitySlot-swiftTests */ = {
			isa = PBXFileSystemSynchronizedRootGroup;
			path = "iOS_InfinitySlot-swiftTests";
			sourceTree = "<group>";
		};
		4AB4042D2F6D71EE00ACE75A /* iOS_InfinitySlot-swiftUITests */ = {
			isa = PBXFileSystemSynchronizedRootGroup;
			path = "iOS_InfinitySlot-swiftUITests";
			sourceTree = "<group>";
		};
/* End PBXFileSystemSynchronizedRootGroup section */

/* Begin PBXFrameworksBuildPhase section */
		4AB404072F6D71EB00ACE75A /* Frameworks */ = {
			isa = PBXFrameworksBuildPhase;
			buildActionMask = 2147483647;
			files = (
			);
			runOnlyForDeploymentPostprocessing = 0;
		};
		4AB4041D2F6D71EE00ACE75A /* Frameworks */ = {
			isa = PBXFrameworksBuildPhase;
			buildActionMask = 2147483647;
			files = (
			);
			runOnlyForDeploymentPostprocessing = 0;
		};
		4AB404272F6D71EE00ACE75A /* Frameworks */ = {
			isa = PBXFrameworksBuildPhase;
			buildActionMask = 2147483647;
			files = (
			);
			runOnlyForDeploymentPostprocessing = 0;
		};
/* End PBXFrameworksBuildPhase section */

/* Begin PBXGroup section */
		4AB404012F6D71EB00ACE75A = {
			isa = PBXGroup;
			children = (
				4AB4040C2F6D71EB00ACE75A /* iOS_InfinitySlot-swift */,
				4AB404232F6D71EE00ACE75A /* iOS_InfinitySlot-swiftTests */,
				4AB4042D2F6D71EE00ACE75A /* iOS_InfinitySlot-swiftUITests */,
				4AB4040B2F6D71EB00ACE75A /* Products */,
			);
			sourceTree = "<group>";
		};
		4AB4040B2F6D71EB00ACE75A /* Products */ = {
			isa = PBXGroup;
			children = (
				4AB4040A2F6D71EB00ACE75A /* iOS_InfinitySlot-swift.app */,
				4AB404202F6D71EE00ACE75A /* iOS_InfinitySlot-swiftTests.xctest */,
				4AB4042A2F6D71EE00ACE75A /* iOS_InfinitySlot-swiftUITests.xctest */,
			);
			name = Products;
			sourceTree = "<group>";
		};
/* End PBXGroup section */

/* Begin PBXNativeTarget section */
		4AB404092F6D71EB00ACE75A /* iOS_InfinitySlot-swift */ = {
			isa = PBXNativeTarget;
			buildConfigurationList = 4AB404332F6D71EE00ACE75A /* Build configuration list for PBXNativeTarget "iOS_InfinitySlot-swift" */;
			buildPhases = (
				4AB404062F6D71EB00ACE75A /* Sources */,
				4AB404072F6D71EB00ACE75A /* Frameworks */,
				4AB404082F6D71EB00ACE75A /* Resources */,
			);
			buildRules = (
			);
			dependencies = (
			);
			fileSystemSynchronizedGroups = (
				4AB4040C2F6D71EB00ACE75A /* iOS_InfinitySlot-swift */,
			);
			name = "iOS_InfinitySlot-swift";
			packageProductDependencies = (
			);
			productName = "iOS_InfinitySlot-swift";
			productReference = 4AB4040A2F6D71EB00ACE75A /* iOS_InfinitySlot-swift.app */;
			productType = "com.apple.product-type.application";
		};
		4AB4041F2F6D71EE00ACE75A /* iOS_InfinitySlot-swiftTests */ = {
			isa = PBXNativeTarget;
			buildConfigurationList = 4AB404382F6D71EE00ACE75A /* Build configuration list for PBXNativeTarget "iOS_InfinitySlot-swiftTests" */;
			buildPhases = (
				4AB4041C2F6D71EE00ACE75A /* Sources */,
				4AB4041D2F6D71EE00ACE75A /* Frameworks */,
				4AB4041E2F6D71EE00ACE75A /* Resources */,
			);
			buildRules = (
			);
			dependencies = (
				4AB404222F6D71EE00ACE75A /* PBXTargetDependency */,
			);
			fileSystemSynchronizedGroups = (
				4AB404232F6D71EE00ACE75A /* iOS_InfinitySlot-swiftTests */,
			);
			name = "iOS_InfinitySlot-swiftTests";
			packageProductDependencies = (
			);
			productName = "iOS_InfinitySlot-swiftTests";
			productReference = 4AB404202F6D71EE00ACE75A /* iOS_InfinitySlot-swiftTests.xctest */;
			productType = "com.apple.product-type.bundle.unit-test";
		};
		4AB404292F6D71EE00ACE75A /* iOS_InfinitySlot-swiftUITests */ = {
			isa = PBXNativeTarget;
			buildConfigurationList = 4AB4043B2F6D71EE00ACE75A /* Build configuration list for PBXNativeTarget "iOS_InfinitySlot-swiftUITests" */;
			buildPhases = (
				4AB404262F6D71EE00ACE75A /* Sources */,
				4AB404272F6D71EE00ACE75A /* Frameworks */,
				4AB404282F6D71EE00ACE75A /* Resources */,
			);
			buildRules = (
			);
			dependencies = (
				4AB4042C2F6D71EE00ACE75A /* PBXTargetDependency */,
			);
			fileSystemSynchronizedGroups = (
				4AB4042D2F6D71EE00ACE75A /* iOS_InfinitySlot-swiftUITests */,
			);
			name = "iOS_InfinitySlot-swiftUITests";
			packageProductDependencies = (
			);
			productName = "iOS_InfinitySlot-swiftUITests";
			productReference = 4AB4042A2F6D71EE00ACE75A /* iOS_InfinitySlot-swiftUITests.xctest */;
			productType = "com.apple.product-type.bundle.ui-testing";
		};
/* End PBXNativeTarget section */

/* Begin PBXProject section */
		4AB404022F6D71EB00ACE75A /* Project object */ = {
			isa = PBXProject;
			attributes = {
				BuildIndependentTargetsInParallel = 1;
				LastSwiftUpdateCheck = 2630;
				LastUpgradeCheck = 2630;
				TargetAttributes = {
					4AB404092F6D71EB00ACE75A = {
						CreatedOnToolsVersion = 26.3;
					};
					4AB4041F2F6D71EE00ACE75A = {
						CreatedOnToolsVersion = 26.3;
						TestTargetID = 4AB404092F6D71EB00ACE75A;
					};
					4AB404292F6D71EE00ACE75A = {
						CreatedOnToolsVersion = 26.3;
						TestTargetID = 4AB404092F6D71EB00ACE75A;
					};
				};
			};
			buildConfigurationList = 4AB404052F6D71EB00ACE75A /* Build configuration list for PBXProject "iOS_InfinitySlot-swift" */;
			developmentRegion = en;
			hasScannedForEncodings = 0;
			knownRegions = (
				en,
				Base,
			);
			mainGroup = 4AB404012F6D71EB00ACE75A;
			minimizedProjectReferenceProxies = 1;
			preferredProjectObjectVersion = 77;
			productRefGroup = 4AB4040B2F6D71EB00ACE75A /* Products */;
			projectDirPath = "";
			projectRoot = "";
			targets = (
				4AB404092F6D71EB00ACE75A /* iOS_InfinitySlot-swift */,
				4AB4041F2F6D71EE00ACE75A /* iOS_InfinitySlot-swiftTests */,
				4AB404292F6D71EE00ACE75A /* iOS_InfinitySlot-swiftUITests */,
			);
		};
/* End PBXProject section */

/* Begin PBXResourcesBuildPhase section */
		4AB404082F6D71EB00ACE75A /* Resources */ = {
			isa = PBXResourcesBuildPhase;
			buildActionMask = 2147483647;
			files = (
			);
			runOnlyForDeploymentPostprocessing = 0;
		};
		4AB4041E2F6D71EE00ACE75A /* Resources */ = {
			isa = PBXResourcesBuildPhase;
			buildActionMask = 2147483647;
			files = (
			);
			runOnlyForDeploymentPostprocessing = 0;
		};
		4AB404282F6D71EE00ACE75A /* Resources */ = {
			isa = PBXResourcesBuildPhase;
			buildActionMask = 2147483647;
			files = (
			);
			runOnlyForDeploymentPostprocessing = 0;
		};
/* End PBXResourcesBuildPhase section */

/* Begin PBXSourcesBuildPhase section */
		4AB404062F6D71EB00ACE75A /* Sources */ = {
			isa = PBXSourcesBuildPhase;
			buildActionMask = 2147483647;
			files = (
			);
			runOnlyForDeploymentPostprocessing = 0;
		};
		4AB4041C2F6D71EE00ACE75A /* Sources */ = {
			isa = PBXSourcesBuildPhase;
			buildActionMask = 2147483647;
			files = (
			);
			runOnlyForDeploymentPostprocessing = 0;
		};
		4AB404262F6D71EE00ACE75A /* Sources */ = {
			isa = PBXSourcesBuildPhase;
			buildActionMask = 2147483647;
			files = (
			);
			runOnlyForDeploymentPostprocessing = 0;
		};
/* End PBXSourcesBuildPhase section */

/* Begin PBXTargetDependency section */
		4AB404222F6D71EE00ACE75A /* PBXTargetDependency */ = {
			isa = PBXTargetDependency;
			target = 4AB404092F6D71EB00ACE75A /* iOS_InfinitySlot-swift */;
			targetProxy = 4AB404212F6D71EE00ACE75A /* PBXContainerItemProxy */;
		};
		4AB4042C2F6D71EE00ACE75A /* PBXTargetDependency */ = {
			isa = PBXTargetDependency;
			target = 4AB404092F6D71EB00ACE75A /* iOS_InfinitySlot-swift */;
			targetProxy = 4AB4042B2F6D71EE00ACE75A /* PBXContainerItemProxy */;
		};
/* End PBXTargetDependency section */

/* Begin XCBuildConfiguration section */
		4AB404342F6D71EE00ACE75A /* Debug */ = {
			isa = XCBuildConfiguration;
			buildSettings = {
				ASSETCATALOG_COMPILER_APPICON_NAME = AppIcon;
				ASSETCATALOG_COMPILER_GLOBAL_ACCENT_COLOR_NAME = AccentColor;
				CODE_SIGN_STYLE = Automatic;
				CURRENT_PROJECT_VERSION = 1;
				GENERATE_INFOPLIST_FILE = YES;
				INFOPLIST_FILE = "iOS_InfinitySlot-swift/Info.plist";
				INFOPLIST_KEY_UIApplicationSupportsIndirectInputEvents = YES;
				INFOPLIST_KEY_UILaunchStoryboardName = LaunchScreen;
				INFOPLIST_KEY_UIMainStoryboardFile = Main;
				INFOPLIST_KEY_UISupportedInterfaceOrientations_iPad = "UIInterfaceOrientationPortrait UIInterfaceOrientationPortraitUpsideDown UIInterfaceOrientationLandscapeLeft UIInterfaceOrientationLandscapeRight";
				INFOPLIST_KEY_UISupportedInterfaceOrientations_iPhone = "UIInterfaceOrientationPortrait UIInterfaceOrientationLandscapeLeft UIInterfaceOrientationLandscapeRight";
				LD_RUNPATH_SEARCH_PATHS = (
					"$(inherited)",
					"@executable_path/Frameworks",
				);
				MARKETING_VERSION = 1.0;
				PRODUCT_BUNDLE_IDENTIFIER = "com.irons.iOS-InfinitySlot-swift";
				PRODUCT_NAME = "$(TARGET_NAME)";
				STRING_CATALOG_GENERATE_SYMBOLS = YES;
				SWIFT_APPROACHABLE_CONCURRENCY = YES;
				SWIFT_DEFAULT_ACTOR_ISOLATION = MainActor;
				SWIFT_EMIT_LOC_STRINGS = YES;
				SWIFT_UPCOMING_FEATURE_MEMBER_IMPORT_VISIBILITY = YES;
				SWIFT_VERSION = 5.0;
				TARGETED_DEVICE_FAMILY = "1,2";
			};
			name = Debug;
		};
		4AB404352F6D71EE00ACE75A /* Release */ = {
			isa = XCBuildConfiguration;
			buildSettings = {
				ASSETCATALOG_COMPILER_APPICON_NAME = AppIcon;
				ASSETCATALOG_COMPILER_GLOBAL_ACCENT_COLOR_NAME = AccentColor;
				CODE_SIGN_STYLE = Automatic;
				CURRENT_PROJECT_VERSION = 1;
				GENERATE_INFOPLIST_FILE = YES;
				INFOPLIST_FILE = "iOS_InfinitySlot-swift/Info.plist";
				INFOPLIST_KEY_UIApplicationSupportsIndirectInputEvents = YES;
				INFOPLIST_KEY_UILaunchStoryboardName = LaunchScreen;
				INFOPLIST_KEY_UIMainStoryboardFile = Main;
				INFOPLIST_KEY_UISupportedInterfaceOrientations_iPad = "UIInterfaceOrientationPortrait UIInterfaceOrientationPortraitUpsideDown UIInterfaceOrientationLandscapeLeft UIInterfaceOrientationLandscapeRight";
				INFOPLIST_KEY_UISupportedInterfaceOrientations_iPhone = "UIInterfaceOrientationPortrait UIInterfaceOrientationLandscapeLeft UIInterfaceOrientationLandscapeRight";
				LD_RUNPATH_SEARCH_PATHS = (
					"$(inherited)",
					"@executable_path/Frameworks",
				);
				MARKETING_VERSION = 1.0;
				PRODUCT_BUNDLE_IDENTIFIER = "com.irons.iOS-InfinitySlot-swift";
				PRODUCT_NAME = "$(TARGET_NAME)";
				STRING_CATALOG_GENERATE_SYMBOLS = YES;
				SWIFT_APPROACHABLE_CONCURRENCY = YES;
				SWIFT_DEFAULT_ACTOR_ISOLATION = MainActor;
				SWIFT_EMIT_LOC_STRINGS = YES;
				SWIFT_UPCOMING_FEATURE_MEMBER_IMPORT_VISIBILITY = YES;
				SWIFT_VERSION = 5.0;
				TARGETED_DEVICE_FAMILY = "1,2";
			};
			name = Release;
		};
		4AB404362F6D71EE00ACE75A /* Debug */ = {
			isa = XCBuildConfiguration;
			buildSettings = {
				ALWAYS_SEARCH_USER_PATHS = NO;
				ASSETCATALOG_COMPILER_GENERATE_SWIFT_ASSET_SYMBOL_EXTENSIONS = YES;
				CLANG_ANALYZER_NONNULL = YES;
				CLANG_ANALYZER_NUMBER_OBJECT_CONVERSION = YES_AGGRESSIVE;
				CLANG_CXX_LANGUAGE_STANDARD = "gnu++20";
				CLANG_ENABLE_MODULES = YES;
				CLANG_ENABLE_OBJC_ARC = YES;
				CLANG_ENABLE_OBJC_WEAK = YES;
				CLANG_WARN_BLOCK_CAPTURE_AUTORELEASING = YES;
				CLANG_WARN_BOOL_CONVERSION = YES;
				CLANG_WARN_COMMA = YES;
				CLANG_WARN_CONSTANT_CONVERSION = YES;
				CLANG_WARN_DEPRECATED_OBJC_IMPLEMENTATIONS = YES;
				CLANG_WARN_DIRECT_OBJC_ISA_USAGE = YES_ERROR;
				CLANG_WARN_DOCUMENTATION_COMMENTS = YES;
				CLANG_WARN_EMPTY_BODY = YES;
				CLANG_WARN_ENUM_CONVERSION = YES;
				CLANG_WARN_INFINITE_RECURSION = YES;
				CLANG_WARN_INT_CONVERSION = YES;
				CLANG_WARN_NON_LITERAL_NULL_CONVERSION = YES;
				CLANG_WARN_OBJC_IMPLICIT_RETAIN_SELF = YES;
				CLANG_WARN_OBJC_LITERAL_CONVERSION = YES;
				CLANG_WARN_OBJC_ROOT_CLASS = YES_ERROR;
				CLANG_WARN_QUOTED_INCLUDE_IN_FRAMEWORK_HEADER = YES;
				CLANG_WARN_RANGE_LOOP_ANALYSIS = YES;
				CLANG_WARN_STRICT_PROTOTYPES = YES;
				CLANG_WARN_SUSPICIOUS_MOVE = YES;
				CLANG_WARN_UNGUARDED_AVAILABILITY = YES_AGGRESSIVE;
				CLANG_WARN_UNREACHABLE_CODE = YES;
				CLANG_WARN__DUPLICATE_METHOD_MATCH = YES;
				COPY_PHASE_STRIP = NO;
				DEBUG_INFORMATION_FORMAT = dwarf;
				ENABLE_STRICT_OBJC_MSGSEND = YES;
				ENABLE_TESTABILITY = YES;
				ENABLE_USER_SCRIPT_SANDBOXING = YES;
				GCC_C_LANGUAGE_STANDARD = gnu17;
				GCC_DYNAMIC_NO_PIC = NO;
				GCC_NO_COMMON_BLOCKS = YES;
				GCC_OPTIMIZATION_LEVEL = 0;
				GCC_PREPROCESSOR_DEFINITIONS = (
					"DEBUG=1",
					"$(inherited)",
				);
				GCC_WARN_64_TO_32_BIT_CONVERSION = YES;
				GCC_WARN_ABOUT_RETURN_TYPE = YES_ERROR;
				GCC_WARN_UNDECLARED_SELECTOR = YES;
				GCC_WARN_UNINITIALIZED_AUTOS = YES_AGGRESSIVE;
				GCC_WARN_UNUSED_FUNCTION = YES;
				GCC_WARN_UNUSED_VARIABLE = YES;
				IPHONEOS_DEPLOYMENT_TARGET = 26.2;
				LOCALIZATION_PREFERS_STRING_CATALOGS = YES;
				MTL_ENABLE_DEBUG_INFO = INCLUDE_SOURCE;
				MTL_FAST_MATH = YES;
				ONLY_ACTIVE_ARCH = YES;
				SDKROOT = iphoneos;
				SWIFT_ACTIVE_COMPILATION_CONDITIONS = "DEBUG $(inherited)";
				SWIFT_OPTIMIZATION_LEVEL = "-Onone";
			};
			name = Debug;
		};
		4AB404372F6D71EE00ACE75A /* Release */ = {
			isa = XCBuildConfiguration;
			buildSettings = {
				ALWAYS_SEARCH_USER_PATHS = NO;
				ASSETCATALOG_COMPILER_GENERATE_SWIFT_ASSET_SYMBOL_EXTENSIONS = YES;
				CLANG_ANALYZER_NONNULL = YES;
				CLANG_ANALYZER_NUMBER_OBJECT_CONVERSION = YES_AGGRESSIVE;
				CLANG_CXX_LANGUAGE_STANDARD = "gnu++20";
				CLANG_ENABLE_MODULES = YES;
				CLANG_ENABLE_OBJC_ARC = YES;
				CLANG_ENABLE_OBJC_WEAK = YES;
				CLANG_WARN_BLOCK_CAPTURE_AUTORELEASING = YES;
				CLANG_WARN_BOOL_CONVERSION = YES;
				CLANG_WARN_COMMA = YES;
				CLANG_WARN_CONSTANT_CONVERSION = YES;
				CLANG_WARN_DEPRECATED_OBJC_IMPLEMENTATIONS = YES;
				CLANG_WARN_DIRECT_OBJC_ISA_USAGE = YES_ERROR;
				CLANG_WARN_DOCUMENTATION_COMMENTS = YES;
				CLANG_WARN_EMPTY_BODY = YES;
				CLANG_WARN_ENUM_CONVERSION = YES;
				CLANG_WARN_INFINITE_RECURSION = YES;
				CLANG_WARN_INT_CONVERSION = YES;
				CLANG_WARN_NON_LITERAL_NULL_CONVERSION = YES;
				CLANG_WARN_OBJC_IMPLICIT_RETAIN_SELF = YES;
				CLANG_WARN_OBJC_LITERAL_CONVERSION = YES;
				CLANG_WARN_OBJC_ROOT_CLASS = YES_ERROR;
				CLANG_WARN_QUOTED_INCLUDE_IN_FRAMEWORK_HEADER = YES;
				CLANG_WARN_RANGE_LOOP_ANALYSIS = YES;
				CLANG_WARN_STRICT_PROTOTYPES = YES;
				CLANG_WARN_SUSPICIOUS_MOVE = YES;
				CLANG_WARN_UNGUARDED_AVAILABILITY = YES_AGGRESSIVE;
				CLANG_WARN_UNREACHABLE_CODE = YES;
				CLANG_WARN__DUPLICATE_METHOD_MATCH = YES;
				COPY_PHASE_STRIP = NO;
				DEBUG_INFORMATION_FORMAT = "dwarf-with-dsym";
				ENABLE_NS_ASSERTIONS = NO;
				ENABLE_STRICT_OBJC_MSGSEND = YES;
				ENABLE_USER_SCRIPT_SANDBOXING = YES;
				GCC_C_LANGUAGE_STANDARD = gnu17;
				GCC_NO_COMMON_BLOCKS = YES;
				GCC_WARN_64_TO_32_BIT_CONVERSION = YES;
				GCC_WARN_ABOUT_RETURN_TYPE = YES_ERROR;
				GCC_WARN_UNDECLARED_SELECTOR = YES;
				GCC_WARN_UNINITIALIZED_AUTOS = YES_AGGRESSIVE;
				GCC_WARN_UNUSED_FUNCTION = YES;
				GCC_WARN_UNUSED_VARIABLE = YES;
				IPHONEOS_DEPLOYMENT_TARGET = 26.2;
				LOCALIZATION_PREFERS_STRING_CATALOGS = YES;
				MTL_ENABLE_DEBUG_INFO = NO;
				MTL_FAST_MATH = YES;
				SDKROOT = iphoneos;
				SWIFT_COMPILATION_MODE = wholemodule;
				VALIDATE_PRODUCT = YES;
			};
			name = Release;
		};
		4AB404392F6D71EE00ACE75A /* Debug */ = {
			isa = XCBuildConfiguration;
			buildSettings = {
				BUNDLE_LOADER = "$(TEST_HOST)";
				CODE_SIGN_STYLE = Automatic;
				CURRENT_PROJECT_VERSION = 1;
				GENERATE_INFOPLIST_FILE = YES;
				IPHONEOS_DEPLOYMENT_TARGET = 26.2;
				MARKETING_VERSION = 1.0;
				PRODUCT_BUNDLE_IDENTIFIER = "com.irons.iOS-InfinitySlot-swiftTests";
				PRODUCT_NAME = "$(TARGET_NAME)";
				STRING_CATALOG_GENERATE_SYMBOLS = NO;
				SWIFT_APPROACHABLE_CONCURRENCY = YES;
				SWIFT_EMIT_LOC_STRINGS = NO;
				SWIFT_UPCOMING_FEATURE_MEMBER_IMPORT_VISIBILITY = YES;
				SWIFT_VERSION = 5.0;
				TARGETED_DEVICE_FAMILY = "1,2";
				TEST_HOST = "$(BUILT_PRODUCTS_DIR)/iOS_InfinitySlot-swift.app/$(BUNDLE_EXECUTABLE_FOLDER_PATH)/iOS_InfinitySlot-swift";
			};
			name = Debug;
		};
		4AB4043A2F6D71EE00ACE75A /* Release */ = {
			isa = XCBuildConfiguration;
			buildSettings = {
				BUNDLE_LOADER = "$(TEST_HOST)";
				CODE_SIGN_STYLE = Automatic;
				CURRENT_PROJECT_VERSION = 1;
				GENERATE_INFOPLIST_FILE = YES;
				IPHONEOS_DEPLOYMENT_TARGET = 26.2;
				MARKETING_VERSION = 1.0;
				PRODUCT_BUNDLE_IDENTIFIER = "com.irons.iOS-InfinitySlot-swiftTests";
				PRODUCT_NAME = "$(TARGET_NAME)";
				STRING_CATALOG_GENERATE_SYMBOLS = NO;
				SWIFT_APPROACHABLE_CONCURRENCY = YES;
				SWIFT_EMIT_LOC_STRINGS = NO;
				SWIFT_UPCOMING_FEATURE_MEMBER_IMPORT_VISIBILITY = YES;
				SWIFT_VERSION = 5.0;
				TARGETED_DEVICE_FAMILY = "1,2";
				TEST_HOST = "$(BUILT_PRODUCTS_DIR)/iOS_InfinitySlot-swift.app/$(BUNDLE_EXECUTABLE_FOLDER_PATH)/iOS_InfinitySlot-swift";
			};
			name = Release;
		};
		4AB4043C2F6D71EE00ACE75A /* Debug */ = {
			isa = XCBuildConfiguration;
			buildSettings = {
				CODE_SIGN_STYLE = Automatic;
				CURRENT_PROJECT_VERSION = 1;
				GENERATE_INFOPLIST_FILE = YES;
				MARKETING_VERSION = 1.0;
				PRODUCT_BUNDLE_IDENTIFIER = "com.irons.iOS-InfinitySlot-swiftUITests";
				PRODUCT_NAME = "$(TARGET_NAME)";
				STRING_CATALOG_GENERATE_SYMBOLS = NO;
				SWIFT_APPROACHABLE_CONCURRENCY = YES;
				SWIFT_EMIT_LOC_STRINGS = NO;
				SWIFT_UPCOMING_FEATURE_MEMBER_IMPORT_VISIBILITY = YES;
				SWIFT_VERSION = 5.0;
				TARGETED_DEVICE_FAMILY = "1,2";
				TEST_TARGET_NAME = "iOS_InfinitySlot-swift";
			};
			name = Debug;
		};
		4AB4043D2F6D71EE00ACE75A /* Release */ = {
			isa = XCBuildConfiguration;
			buildSettings = {
				CODE_SIGN_STYLE = Automatic;
				CURRENT_PROJECT_VERSION = 1;
				GENERATE_INFOPLIST_FILE = YES;
				MARKETING_VERSION = 1.0;
				PRODUCT_BUNDLE_IDENTIFIER = "com.irons.iOS-InfinitySlot-swiftUITests";
				PRODUCT_NAME = "$(TARGET_NAME)";
				STRING_CATALOG_GENERATE_SYMBOLS = NO;
				SWIFT_APPROACHABLE_CONCURRENCY = YES;
				SWIFT_EMIT_LOC_STRINGS = NO;
				SWIFT_UPCOMING_FEATURE_MEMBER_IMPORT_VISIBILITY = YES;
				SWIFT_VERSION = 5.0;
				TARGETED_DEVICE_FAMILY = "1,2";
				TEST_TARGET_NAME = "iOS_InfinitySlot-swift";
			};
			name = Release;
		};
/* End XCBuildConfiguration section */

/* Begin XCConfigurationList section */
		4AB404052F6D71EB00ACE75A /* Build configuration list for PBXProject "iOS_InfinitySlot-swift" */ = {
			isa = XCConfigurationList;
			buildConfigurations = (
				4AB404362F6D71EE00ACE75A /* Debug */,
				4AB404372F6D71EE00ACE75A /* Release */,
			);
			defaultConfigurationIsVisible = 0;
			defaultConfigurationName = Release;
		};
		4AB404332F6D71EE00ACE75A /* Build configuration list for PBXNativeTarget "iOS_InfinitySlot-swift" */ = {
			isa = XCConfigurationList;
			buildConfigurations = (
				4AB404342F6D71EE00ACE75A /* Debug */,
				4AB404352F6D71EE00ACE75A /* Release */,
			);
			defaultConfigurationIsVisible = 0;
			defaultConfigurationName = Release;
		};
		4AB404382F6D71EE00ACE75A /* Build configuration list for PBXNativeTarget "iOS_InfinitySlot-swiftTests" */ = {
			isa = XCConfigurationList;
			buildConfigurations = (
				4AB404392F6D71EE00ACE75A /* Debug */,
				4AB4043A2F6D71EE00ACE75A /* Release */,
			);
			defaultConfigurationIsVisible = 0;
			defaultConfigurationName = Release;
		};
		4AB4043B2F6D71EE00ACE75A /* Build configuration list for PBXNativeTarget "iOS_InfinitySlot-swiftUITests" */ = {
			isa = XCConfigurationList;
			buildConfigurations = (
				4AB4043C2F6D71EE00ACE75A /* Debug */,
				4AB4043D2F6D71EE00ACE75A /* Release */,
			);
			defaultConfigurationIsVisible = 0;
			defaultConfigurationName = Release;
		};
/* End XCConfigurationList section */
	};
	rootObject = 4AB404022F6D71EB00ACE75A /* Project object */;
}
